
Microsoft Visual Studio Solution File, Format Version 12.00
# Visual Studio Version 17
VisualStudioVersion = 17.14.36623.8 d17.14
MinimumVisualStudioVersion = 10.0.40219.1
Project("{FAE04EC0-301F-11D3-BF4B-00C04F79EFBC}") = "labba5", "labba5\labba5.csproj", "{0EDCFDAF-D37A-4838-A509-8D51E8FCAF41}"
EndProject
Global
	GlobalSection(SolutionConfigurationPlatforms) = preSolution
		Debug|Any CPU = Debug|Any CPU
		Release|Any CPU = Release|Any CPU
	EndGlobalSection
	GlobalSection(ProjectConfigurationPlatforms) = postSolution
		{0EDCFDAF-D37A-4838-A509-8D51E8FCAF41}.Debug|Any CPU.ActiveCfg = Debug|Any CPU
		{0EDCFDAF-D37A-4838-A509-8D51E8FCAF41}.Debug|Any CPU.Build.0 = Debug|Any CPU
		{0EDCFDAF-D37A-4838-A509-8D51E8FCAF41}.Release|Any CPU.ActiveCfg = Release|Any CPU
		{0EDCFDAF-D37A-4838-A509-8D51E8FCAF41}.Release|Any CPU.Build.0 = Release|Any CPU
	EndGlobalSection
	GlobalSection(SolutionProperties) = preSolution
		HideSolutionNode = FALSE
	EndGlobalSection
	GlobalSection(ExtensibilityGlobals) = postSolution
		SolutionGuid = {E3226684-577E-4C70-AE37-54B8D5FB6999}
	EndGlobalSection
EndGlobal
